// !$*UTF8*$!
{
	archiveVersion = 1;
	classes = {
	};
	objectVersion = 56;
	objects = {

/* Begin PBXBuildFile section */
		52C6F5762A8E796800787ED3 /* intermediate.swift in Sources */ = {isa = PBXBuildFile; fileRef = 52C6F5752A8E796800787ED3 /* intermediate.swift */; };
		52C6F5782A8E797600787ED3 /* advanced.swift in Sources */ = {isa = PBXBuildFile; fileRef = 52C6F5772A8E797600787ED3 /* advanced.swift */; };
		52C6F57A2A8E7D1600787ED3 /* BeginnerView.swift in Sources */ = {isa = PBXBuildFile; fileRef = 52C6F5792A8E7D1600787ED3 /* BeginnerView.swift */; };
		52F70CC92A8BE87F003B5C7F /* final_proyectApp.swift in Sources */ = {isa = PBXBuildFile; fileRef = 52F70CC82A8BE87F003B5C7F /* final_proyectApp.swift */; };
		52F70CCB2A8BE87F003B5C7F /* ContentView.swift in Sources */ = {isa = PBXBuildFile; fileRef = 52F70CCA2A8BE87F003B5C7F /* ContentView.swift */; };
		52F70CCD2A8BE881003B5C7F /* Assets.xcassets in Resources */ = {isa = PBXBuildFile; fileRef = 52F70CCC2A8BE881003B5C7F /* Assets.xcassets */; };
		52F70CD02A8BE881003B5C7F /* Preview Assets.xcassets in Resources */ = {isa = PBXBuildFile; fileRef = 52F70CCF2A8BE881003B5C7F /* Preview Assets.xcassets */; };
		52F70CDA2A8BE881003B5C7F /* final_proyectTests.swift in Sources */ = {isa = PBXBuildFile; fileRef = 52F70CD92A8BE881003B5C7F /* final_proyectTests.swift */; };
		52F70CE42A8BE881003B5C7F /* final_proyectUITests.swift in Sources */ = {isa = PBXBuildFile; fileRef = 52F70CE32A8BE881003B5C7F /* final_proyectUITests.swift */; };
		52F70CE62A8BE881003B5C7F /* final_proyectUITestsLaunchTests.swift in Sources */ = {isa = PBXBuildFile; fileRef = 52F70CE52A8BE881003B5C7F /* final_proyectUITestsLaunchTests.swift */; };
/* End PBXBuildFile section */

/* Begin PBXContainerItemProxy section */
		52F70CD62A8BE881003B5C7F /* PBXContainerItemProxy */ = {
			isa = PBXContainerItemProxy;
			containerPortal = 52F70CBD2A8BE87F003B5C7F /* Project object */;
			proxyType = 1;
			remoteGlobalIDString = 52F70CC42A8BE87F003B5C7F;
			remoteInfo = "final proyect";
		};
		52F70CE02A8BE881003B5C7F /* PBXContainerItemProxy */ = {
			isa = PBXContainerItemProxy;
			containerPortal = 52F70CBD2A8BE87F003B5C7F /* Project object */;
			proxyType = 1;
			remoteGlobalIDString = 52F70CC42A8BE87F003B5C7F;
			remoteInfo = "final proyect";
		};
/* End PBXContainerItemProxy section */

/* Begin PBXFileReference section */
		52C6F5752A8E796800787ED3 /* intermediate.swift */ = {isa = PBXFileReference; lastKnownFileType = sourcecode.swift; path = intermediate.swift; sourceTree = "<group>"; };
		52C6F5772A8E797600787ED3 /* advanced.swift */ = {isa = PBXFileReference; lastKnownFileType = sourcecode.swift; path = advanced.swift; sourceTree = "<group>"; };
		52C6F5792A8E7D1600787ED3 /* BeginnerView.swift */ = {isa = PBXFileReference; lastKnownFileType = sourcecode.swift; path = BeginnerView.swift; sourceTree = "<group>"; };
		52F70CC52A8BE87F003B5C7F /* final proyect.app */ = {isa = PBXFileReference; explicitFileType = wrapper.application; includeInIndex = 0; path = "final proyect.app"; sourceTree = BUILT_PRODUCTS_DIR; };
		52F70CC82A8BE87F003B5C7F /* final_proyectApp.swift */ = {isa = PBXFileReference; lastKnownFileType = sourcecode.swift; path = final_proyectApp.swift; sourceTree = "<group>"; };
		52F70CCA2A8BE87F003B5C7F /* ContentView.swift */ = {isa = PBXFileReference; lastKnownFileType = sourcecode.swift; path = ContentView.swift; sourceTree = "<group>"; };
		52F70CCC2A8BE881003B5C7F /* Assets.xcassets */ = {isa = PBXFileReference; lastKnownFileType = folder.assetcatalog; path = Assets.xcassets; sourceTree = "<group>"; };
		52F70CCF2A8BE881003B5C7F /* Preview Assets.xcassets */ = {isa = PBXFileReference; lastKnownFileType = folder.assetcatalog; path = "Preview Assets.xcassets"; sourceTree = "<group>"; };
		52F70CD52A8BE881003B5C7F /* final proyectTests.xctest */ = {isa = PBXFileReference; explicitFileType = wrapper.cfbundle; includeInIndex = 0; path = "final proyectTests.xctest"; sourceTree = BUILT_PRODUCTS_DIR; };
		52F70CD92A8BE881003B5C7F /* final_proyectTests.swift */ = {isa = PBXFileReference; lastKnownFileType = sourcecode.swift; path = final_proyectTests.swift; sourceTree = "<group>"; };
		52F70CDF2A8BE881003B5C7F /* final proyectUITests.xctest */ = {isa = PBXFileReference; explicitFileType = wrapper.cfbundle; includeInIndex = 0; path = "final proyectUITests.xctest"; sourceTree = BUILT_PRODUCTS_DIR; };
		52F70CE32A8BE881003B5C7F /* final_proyectUITests.swift */ = {isa = PBXFileReference; lastKnownFileType = sourcecode.swift; path = final_proyectUITests.swift; sourceTree = "<group>"; };
		52F70CE52A8BE881003B5C7F /* final_proyectUITestsLaunchTests.swift */ = {isa = PBXFileReference; lastKnownFileType = sourcecode.swift; path = final_proyectUITestsLaunchTests.swift; sourceTree = "<group>"; };
/* End PBXFileReference section */

/* Begin PBXFrameworksBuildPhase section */
		52F70CC22A8BE87F003B5C7F /* Frameworks */ = {
			isa = PBXFrameworksBuildPhase;
			buildActionMask = 2147483647;
			files = (
			);
			runOnlyForDeploymentPostprocessing = 0;
		};
		52F70CD22A8BE881003B5C7F /* Frameworks */ = {
			isa = PBXFrameworksBuildPhase;
			buildActionMask = 2147483647;
			files = (
			);
			runOnlyForDeploymentPostprocessing = 0;
		};
		52F70CDC2A8BE881003B5C7F /* Frameworks */ = {
			isa = PBXFrameworksBuildPhase;
			buildActionMask = 2147483647;
			files = (
			);
			runOnlyForDeploymentPostprocessing = 0;
		};
/* End PBXFrameworksBuildPhase section */

/* Begin PBXGroup section */
		52F70CBC2A8BE87F003B5C7F = {
			isa = PBXGroup;
			children = (
				52F70CC72A8BE87F003B5C7F /* final proyect */,
				52F70CD82A8BE881003B5C7F /* final proyectTests */,
				52F70CE22A8BE881003B5C7F /* final proyectUITests */,
				52F70CC62A8BE87F003B5C7F /* Products */,
			);
			sourceTree = "<group>";
		};
		52F70CC62A8BE87F003B5C7F /* Products */ = {
			isa = PBXGroup;
			children = (
				52F70CC52A8BE87F003B5C7F /* final proyect.app */,
				52F70CD52A8BE881003B5C7F /* final proyectTests.xctest */,
				52F70CDF2A8BE881003B5C7F /* final proyectUITests.xctest */,
			);
			name = Products;
			sourceTree = "<group>";
		};
		52F70CC72A8BE87F003B5C7F /* final proyect */ = {
			isa = PBXGroup;
			children = (
				52F70CC82A8BE87F003B5C7F /* final_proyectApp.swift */,
				52F70CCA2A8BE87F003B5C7F /* ContentView.swift */,
				52C6F5792A8E7D1600787ED3 /* BeginnerView.swift */,
				52C6F5752A8E796800787ED3 /* intermediate.swift */,
				52C6F5772A8E797600787ED3 /* advanced.swift */,
				52F70CCC2A8BE881003B5C7F /* Assets.xcassets */,
				52F70CCE2A8BE881003B5C7F /* Preview Content */,
			);
			path = "final proyect";
			sourceTree = "<group>";
		};
		52F70CCE2A8BE881003B5C7F /* Preview Content */ = {
			isa = PBXGroup;
			children = (
				52F70CCF2A8BE881003B5C7F /* Preview Assets.xcassets */,
			);
			path = "Preview Content";
			sourceTree = "<group>";
		};
		52F70CD82A8BE881003B5C7F /* final proyectTests */ = {
			isa = PBXGroup;
			children = (
				52F70CD92A8BE881003B5C7F /* final_proyectTests.swift */,
			);
			path = "final proyectTests";
			sourceTree = "<group>";
		};
		52F70CE22A8BE881003B5C7F /* final proyectUITests */ = {
			isa = PBXGroup;
			children = (
				52F70CE32A8BE881003B5C7F /* final_proyectUITests.swift */,
				52F70CE52A8BE881003B5C7F /* final_proyectUITestsLaunchTests.swift */,
			);
			path = "final proyectUITests";
			sourceTree = "<group>";
		};
/* End PBXGroup section */

/* Begin PBXNativeTarget section */
		52F70CC42A8BE87F003B5C7F /* final proyect */ = {
			isa = PBXNativeTarget;
			buildConfigurationList = 52F70CE92A8BE881003B5C7F /* Build configuration list for PBXNativeTarget "final proyect" */;
			buildPhases = (
				52F70CC12A8BE87F003B5C7F /* Sources */,
				52F70CC22A8BE87F003B5C7F /* Frameworks */,
				52F70CC32A8BE87F003B5C7F /* Resources */,
			);
			buildRules = (
			);
			dependencies = (
			);
			name = "final proyect";
			productName = "final proyect";
			productReference = 52F70CC52A8BE87F003B5C7F /* final proyect.app */;
			productType = "com.apple.product-type.application";
		};
		52F70CD42A8BE881003B5C7F /* final proyectTests */ = {
			isa = PBXNativeTarget;
			buildConfigurationList = 52F70CEC2A8BE881003B5C7F /* Build configuration list for PBXNativeTarget "final proyectTests" */;
			buildPhases = (
				52F70CD12A8BE881003B5C7F /* Sources */,
				52F70CD22A8BE881003B5C7F /* Frameworks */,
				52F70CD32A8BE881003B5C7F /* Resources */,
			);
			buildRules = (
			);
			dependencies = (
				52F70CD72A8BE881003B5C7F /* PBXTargetDependency */,
			);
			name = "final proyectTests";
			productName = "final proyectTests";
			productReference = 52F70CD52A8BE881003B5C7F /* final proyectTests.xctest */;
			productType = "com.apple.product-type.bundle.unit-test";
		};
		52F70CDE2A8BE881003B5C7F /* final proyectUITests */ = {
			isa = PBXNativeTarget;
			buildConfigurationList = 52F70CEF2A8BE881003B5C7F /* Build configuration list for PBXNativeTarget "final proyectUITests" */;
			buildPhases = (
				52F70CDB2A8BE881003B5C7F /* Sources */,
				52F70CDC2A8BE881003B5C7F /* Frameworks */,
				52F70CDD2A8BE881003B5C7F /* Resources */,
			);
			buildRules = (
			);
			dependencies = (
				52F70CE12A8BE881003B5C7F /* PBXTargetDependency */,
			);
			name = "final proyectUITests";
			productName = "final proyectUITests";
			productReference = 52F70CDF2A8BE881003B5C7F /* final proyectUITests.xctest */;
			productType = "com.apple.product-type.bundle.ui-testing";
		};
/* End PBXNativeTarget section */

/* Begin PBXProject section */
		52F70CBD2A8BE87F003B5C7F /* Project object */ = {
			isa = PBXProject;
			attributes = {
				BuildIndependentTargetsInParallel = 1;
				LastSwiftUpdateCheck = 1430;
				LastUpgradeCheck = 1430;
				TargetAttributes = {
					52F70CC42A8BE87F003B5C7F = {
						CreatedOnToolsVersion = 14.3.1;
					};
					52F70CD42A8BE881003B5C7F = {
						CreatedOnToolsVersion = 14.3.1;
						TestTargetID = 52F70CC42A8BE87F003B5C7F;
					};
					52F70CDE2A8BE881003B5C7F = {
						CreatedOnToolsVersion = 14.3.1;
						TestTargetID = 52F70CC42A8BE87F003B5C7F;
					};
				};
			};
			buildConfigurationList = 52F70CC02A8BE87F003B5C7F /* Build configuration list for PBXProject "final proyect" */;
			compatibilityVersion = "Xcode 14.0";
			developmentRegion = en;
			hasScannedForEncodings = 0;
			knownRegions = (
				en,
				Base,
			);
			mainGroup = 52F70CBC2A8BE87F003B5C7F;
			productRefGroup = 52F70CC62A8BE87F003B5C7F /* Products */;
			projectDirPath = "";
			projectRoot = "";
			targets = (
				52F70CC42A8BE87F003B5C7F /* final proyect */,
				52F70CD42A8BE881003B5C7F /* final proyectTests */,
				52F70CDE2A8BE881003B5C7F /* final proyectUITests */,
			);
		};
/* End PBXProject section */

/* Begin PBXResourcesBuildPhase section */
		52F70CC32A8BE87F003B5C7F /* Resources */ = {
			isa = PBXResourcesBuildPhase;
			buildActionMask = 2147483647;
			files = (
				52F70CD02A8BE881003B5C7F /* Preview Assets.xcassets in Resources */,
				52F70CCD2A8BE881003B5C7F /* Assets.xcassets in Resources */,
			);
			runOnlyForDeploymentPostprocessing = 0;
		};
		52F70CD32A8BE881003B5C7F /* Resources */ = {
			isa = PBXResourcesBuildPhase;
			buildActionMask = 2147483647;
			files = (
			);
			runOnlyForDeploymentPostprocessing = 0;
		};
		52F70CDD2A8BE881003B5C7F /* Resources */ = {
			isa = PBXResourcesBuildPhase;
			buildActionMask = 2147483647;
			files = (
			);
			runOnlyForDeploymentPostprocessing = 0;
		};
/* End PBXResourcesBuildPhase section */

/* Begin PBXSourcesBuildPhase section */
		52F70CC12A8BE87F003B5C7F /* Sources */ = {
			isa = PBXSourcesBuildPhase;
			buildActionMask = 2147483647;
			files = (
				52C6F5762A8E796800787ED3 /* intermediate.swift in Sources */,
				52F70CCB2A8BE87F003B5C7F /* ContentView.swift in Sources */,
				52C6F57A2A8E7D1600787ED3 /* BeginnerView.swift in Sources */,
				52C6F5782A8E797600787ED3 /* advanced.swift in Sources */,
				52F70CC92A8BE87F003B5C7F /* final_proyectApp.swift in Sources */,
			);
			runOnlyForDeploymentPostprocessing = 0;
		};
		52F70CD12A8BE881003B5C7F /* Sources */ = {
			isa = PBXSourcesBuildPhase;
			buildActionMask = 2147483647;
			files = (
				52F70CDA2A8BE881003B5C7F /* final_proyectTests.swift in Sources */,
			);
			runOnlyForDeploymentPostprocessing = 0;
		};
		52F70CDB2A8BE881003B5C7F /* Sources */ = {
			isa = PBXSourcesBuildPhase;
			buildActionMask = 2147483647;
			files = (
				52F70CE62A8BE881003B5C7F /* final_proyectUITestsLaunchTests.swift in Sources */,
				52F70CE42A8BE881003B5C7F /* final_proyectUITests.swift in Sources */,
			);
			runOnlyForDeploymentPostprocessing = 0;
		};
/* End PBXSourcesBuildPhase section */

/* Begin PBXTargetDependency section */
		52F70CD72A8BE881003B5C7F /* PBXTargetDependency */ = {
			isa = PBXTargetDependency;
			target = 52F70CC42A8BE87F003B5C7F /* final proyect */;
			targetProxy = 52F70CD62A8BE881003B5C7F /* PBXContainerItemProxy */;
		};
		52F70CE12A8BE881003B5C7F /* PBXTargetDependency */ = {
			isa = PBXTargetDependency;
			target = 52F70CC42A8BE87F003B5C7F /* final proyect */;
			targetProxy = 52F70CE02A8BE881003B5C7F /* PBXContainerItemProxy */;
		};
/* End PBXTargetDependency section */

/* Begin XCBuildConfiguration section */
		52F70CE72A8BE881003B5C7F /* Debug */ = {
			isa = XCBuildConfiguration;
			buildSettings = {
				ALWAYS_SEARCH_USER_PATHS = NO;
				CLANG_ANALYZER_NONNULL = YES;
				CLANG_ANALYZER_NUMBER_OBJECT_CONVERSION = YES_AGGRESSIVE;
				CLANG_CXX_LANGUAGE_STANDARD = "gnu++20";
				CLANG_ENABLE_MODULES = YES;
				CLANG_ENABLE_OBJC_ARC = YES;
				CLANG_ENABLE_OBJC_WEAK = YES;
				CLANG_WARN_BLOCK_CAPTURE_AUTORELEASING = YES;
				CLANG_WARN_BOOL_CONVERSION = YES;
				CLANG_WARN_COMMA = YES;
				CLANG_WARN_CONSTANT_CONVERSION = YES;
				CLANG_WARN_DEPRECATED_OBJC_IMPLEMENTATIONS = YES;
				CLANG_WARN_DIRECT_OBJC_ISA_USAGE = YES_ERROR;
				CLANG_WARN_DOCUMENTATION_COMMENTS = YES;
				CLANG_WARN_EMPTY_BODY = YES;
				CLANG_WARN_ENUM_CONVERSION = YES;
				CLANG_WARN_INFINITE_RECURSION = YES;
				CLANG_WARN_INT_CONVERSION = YES;
				CLANG_WARN_NON_LITERAL_NULL_CONVERSION = YES;
				CLANG_WARN_OBJC_IMPLICIT_RETAIN_SELF = YES;
				CLANG_WARN_OBJC_LITERAL_CONVERSION = YES;
				CLANG_WARN_OBJC_ROOT_CLASS = YES_ERROR;
				CLANG_WARN_QUOTED_INCLUDE_IN_FRAMEWORK_HEADER = YES;
				CLANG_WARN_RANGE_LOOP_ANALYSIS = YES;
				CLANG_WARN_STRICT_PROTOTYPES = YES;
				CLANG_WARN_SUSPICIOUS_MOVE = YES;
				CLANG_WARN_UNGUARDED_AVAILABILITY = YES_AGGRESSIVE;
				CLANG_WARN_UNREACHABLE_CODE = YES;
				CLANG_WARN__DUPLICATE_METHOD_MATCH = YES;
				COPY_PHASE_STRIP = NO;
				DEBUG_INFORMATION_FORMAT = dwarf;
				ENABLE_STRICT_OBJC_MSGSEND = YES;
				ENABLE_TESTABILITY = YES;
				GCC_C_LANGUAGE_STANDARD = gnu11;
				GCC_DYNAMIC_NO_PIC = NO;
				GCC_NO_COMMON_BLOCKS = YES;
				GCC_OPTIMIZATION_LEVEL = 0;
				GCC_PREPROCESSOR_DEFINITIONS = (
					"DEBUG=1",
					"$(inherited)",
				);
				GCC_WARN_64_TO_32_BIT_CONVERSION = YES;
				GCC_WARN_ABOUT_RETURN_TYPE = YES_ERROR;
				GCC_WARN_UNDECLARED_SELECTOR = YES;
				GCC_WARN_UNINITIALIZED_AUTOS = YES_AGGRESSIVE;
				GCC_WARN_UNUSED_FUNCTION = YES;
				GCC_WARN_UNUSED_VARIABLE = YES;
				IPHONEOS_DEPLOYMENT_TARGET = 16.4;
				MTL_ENABLE_DEBUG_INFO = INCLUDE_SOURCE;
				MTL_FAST_MATH = YES;
				ONLY_ACTIVE_ARCH = YES;
				SDKROOT = iphoneos;
				SWIFT_ACTIVE_COMPILATION_CONDITIONS = DEBUG;
				SWIFT_OPTIMIZATION_LEVEL = "-Onone";
			};
			name = Debug;
		};
		52F70CE82A8BE881003B5C7F /* Release */ = {
			isa = XCBuildConfiguration;
			buildSettings = {
				ALWAYS_SEARCH_USER_PATHS = NO;
				CLANG_ANALYZER_NONNULL = YES;
				CLANG_ANALYZER_NUMBER_OBJECT_CONVERSION = YES_AGGRESSIVE;
				CLANG_CXX_LANGUAGE_STANDARD = "gnu++20";
				CLANG_ENABLE_MODULES = YES;
				CLANG_ENABLE_OBJC_ARC = YES;
				CLANG_ENABLE_OBJC_WEAK = YES;
				CLANG_WARN_BLOCK_CAPTURE_AUTORELEASING = YES;
				CLANG_WARN_BOOL_CONVERSION = YES;
				CLANG_WARN_COMMA = YES;
				CLANG_WARN_CONSTANT_CONVERSION = YES;
				CLANG_WARN_DEPRECATED_OBJC_IMPLEMENTATIONS = YES;
				CLANG_WARN_DIRECT_OBJC_ISA_USAGE = YES_ERROR;
				CLANG_WARN_DOCUMENTATION_COMMENTS = YES;
				CLANG_WARN_EMPTY_BODY = YES;
				CLANG_WARN_ENUM_CONVERSION = YES;
				CLANG_WARN_INFINITE_RECURSION = YES;
				CLANG_WARN_INT_CONVERSION = YES;
				CLANG_WARN_NON_LITERAL_NULL_CONVERSION = YES;
				CLANG_WARN_OBJC_IMPLICIT_RETAIN_SELF = YES;
				CLANG_WARN_OBJC_LITERAL_CONVERSION = YES;
				CLANG_WARN_OBJC_ROOT_CLASS = YES_ERROR;
				CLANG_WARN_QUOTED_INCLUDE_IN_FRAMEWORK_HEADER = YES;
				CLANG_WARN_RANGE_LOOP_ANALYSIS = YES;
				CLANG_WARN_STRICT_PROTOTYPES = YES;
				CLANG_WARN_SUSPICIOUS_MOVE = YES;
				CLANG_WARN_UNGUARDED_AVAILABILITY = YES_AGGRESSIVE;
				CLANG_WARN_UNREACHABLE_CODE = YES;
				CLANG_WARN__DUPLICATE_METHOD_MATCH = YES;
				COPY_PHASE_STRIP = NO;
				DEBUG_INFORMATION_FORMAT = "dwarf-with-dsym";
				ENABLE_NS_ASSERTIONS = NO;
				ENABLE_STRICT_OBJC_MSGSEND = YES;
				GCC_C_LANGUAGE_STANDARD = gnu11;
				GCC_NO_COMMON_BLOCKS = YES;
				GCC_WARN_64_TO_32_BIT_CONVERSION = YES;
				GCC_WARN_ABOUT_RETURN_TYPE = YES_ERROR;
				GCC_WARN_UNDECLARED_SELECTOR = YES;
				GCC_WARN_UNINITIALIZED_AUTOS = YES_AGGRESSIVE;
				GCC_WARN_UNUSED_FUNCTION = YES;
				GCC_WARN_UNUSED_VARIABLE = YES;
				IPHONEOS_DEPLOYMENT_TARGET = 16.4;
				MTL_ENABLE_DEBUG_INFO = NO;
				MTL_FAST_MATH = YES;
				SDKROOT = iphoneos;
				SWIFT_COMPILATION_MODE = wholemodule;
				SWIFT_OPTIMIZATION_LEVEL = "-O";
				VALIDATE_PRODUCT = YES;
			};
			name = Release;
		};
		52F70CEA2A8BE881003B5C7F /* Debug */ = {
			isa = XCBuildConfiguration;
			buildSettings = {
				ASSETCATALOG_COMPILER_APPICON_NAME = AppIcon;
				ASSETCATALOG_COMPILER_GLOBAL_ACCENT_COLOR_NAME = AccentColor;
				CODE_SIGN_STYLE = Automatic;
				CURRENT_PROJECT_VERSION = 1;
				DEVELOPMENT_ASSET_PATHS = "\"final proyect/Preview Content\"";
				ENABLE_PREVIEWS = YES;
				GENERATE_INFOPLIST_FILE = YES;
				INFOPLIST_KEY_UIApplicationSceneManifest_Generation = YES;
				INFOPLIST_KEY_UIApplicationSupportsIndirectInputEvents = YES;
				INFOPLIST_KEY_UILaunchScreen_Generation = YES;
				INFOPLIST_KEY_UISupportedInterfaceOrientations_iPad = "UIInterfaceOrientationPortrait UIInterfaceOrientationPortraitUpsideDown UIInterfaceOrientationLandscapeLeft UIInterfaceOrientationLandscapeRight";
				INFOPLIST_KEY_UISupportedInterfaceOrientations_iPhone = "UIInterfaceOrientationPortrait UIInterfaceOrientationLandscapeLeft UIInterfaceOrientationLandscapeRight";
				LD_RUNPATH_SEARCH_PATHS = (
					"$(inherited)",
					"@executable_path/Frameworks",
				);
				MARKETING_VERSION = 1.0;
				PRODUCT_BUNDLE_IDENTIFIER = "kwk.final-proyect";
				PRODUCT_NAME = "$(TARGET_NAME)";
				SWIFT_EMIT_LOC_STRINGS = YES;
				SWIFT_VERSION = 5.0;
				TARGETED_DEVICE_FAMILY = "1,2";
			};
			name = Debug;
		};
		52F70CEB2A8BE881003B5C7F /* Release */ = {
			isa = XCBuildConfiguration;
			buildSettings = {
				ASSETCATALOG_COMPILER_APPICON_NAME = AppIcon;
				ASSETCATALOG_COMPILER_GLOBAL_ACCENT_COLOR_NAME = AccentColor;
				CODE_SIGN_STYLE = Automatic;
				CURRENT_PROJECT_VERSION = 1;
				DEVELOPMENT_ASSET_PATHS = "\"final proyect/Preview Content\"";
				ENABLE_PREVIEWS = YES;
				GENERATE_INFOPLIST_FILE = YES;
				INFOPLIST_KEY_UIApplicationSceneManifest_Generation = YES;
				INFOPLIST_KEY_UIApplicationSupportsIndirectInputEvents = YES;
				INFOPLIST_KEY_UILaunchScreen_Generation = YES;
				INFOPLIST_KEY_UISupportedInterfaceOrientations_iPad = "UIInterfaceOrientationPortrait UIInterfaceOrientationPortraitUpsideDown UIInterfaceOrientationLandscapeLeft UIInterfaceOrientationLandscapeRight";
				INFOPLIST_KEY_UISupportedInterfaceOrientations_iPhone = "UIInterfaceOrientationPortrait UIInterfaceOrientationLandscapeLeft UIInterfaceOrientationLandscapeRight";
				LD_RUNPATH_SEARCH_PATHS = (
					"$(inherited)",
					"@executable_path/Frameworks",
				);
				MARKETING_VERSION = 1.0;
				PRODUCT_BUNDLE_IDENTIFIER = "kwk.final-proyect";
				PRODUCT_NAME = "$(TARGET_NAME)";
				SWIFT_EMIT_LOC_STRINGS = YES;
				SWIFT_VERSION = 5.0;
				TARGETED_DEVICE_FAMILY = "1,2";
			};
			name = Release;
		};
		52F70CED2A8BE881003B5C7F /* Debug */ = {
			isa = XCBuildConfiguration;
			buildSettings = {
				ALWAYS_EMBED_SWIFT_STANDARD_LIBRARIES = YES;
				BUNDLE_LOADER = "$(TEST_HOST)";
				CODE_SIGN_STYLE = Automatic;
				CURRENT_PROJECT_VERSION = 1;
				GENERATE_INFOPLIST_FILE = YES;
				IPHONEOS_DEPLOYMENT_TARGET = 16.4;
				MARKETING_VERSION = 1.0;
				PRODUCT_BUNDLE_IDENTIFIER = "kwk.final-proyectTests";
				PRODUCT_NAME = "$(TARGET_NAME)";
				SWIFT_EMIT_LOC_STRINGS = NO;
				SWIFT_VERSION = 5.0;
				TARGETED_DEVICE_FAMILY = "1,2";
				TEST_HOST = "$(BUILT_PRODUCTS_DIR)/final proyect.app/$(BUNDLE_EXECUTABLE_FOLDER_PATH)/final proyect";
			};
			name = Debug;
		};
		52F70CEE2A8BE881003B5C7F /* Release */ = {
			isa = XCBuildConfiguration;
			buildSettings = {
				ALWAYS_EMBED_SWIFT_STANDARD_LIBRARIES = YES;
				BUNDLE_LOADER = "$(TEST_HOST)";
				CODE_SIGN_STYLE = Automatic;
				CURRENT_PROJECT_VERSION = 1;
				GENERATE_INFOPLIST_FILE = YES;
				IPHONEOS_DEPLOYMENT_TARGET = 16.4;
				MARKETING_VERSION = 1.0;
				PRODUCT_BUNDLE_IDENTIFIER = "kwk.final-proyectTests";
				PRODUCT_NAME = "$(TARGET_NAME)";
				SWIFT_EMIT_LOC_STRINGS = NO;
				SWIFT_VERSION = 5.0;
				TARGETED_DEVICE_FAMILY = "1,2";
				TEST_HOST = "$(BUILT_PRODUCTS_DIR)/final proyect.app/$(BUNDLE_EXECUTABLE_FOLDER_PATH)/final proyect";
			};
			name = Release;
		};
		52F70CF02A8BE881003B5C7F /* Debug */ = {
			isa = XCBuildConfiguration;
			buildSettings = {
				ALWAYS_EMBED_SWIFT_STANDARD_LIBRARIES = YES;
				CODE_SIGN_STYLE = Automatic;
				CURRENT_PROJECT_VERSION = 1;
				GENERATE_INFOPLIST_FILE = YES;
				MARKETING_VERSION = 1.0;
				PRODUCT_BUNDLE_IDENTIFIER = "kwk.final-proyectUITests";
				PRODUCT_NAME = "$(TARGET_NAME)";
				SWIFT_EMIT_LOC_STRINGS = NO;
				SWIFT_VERSION = 5.0;
				TARGETED_DEVICE_FAMILY = "1,2";
				TEST_TARGET_NAME = "final proyect";
			};
			name = Debug;
		};
		52F70CF12A8BE881003B5C7F /* Release */ = {
			isa = XCBuildConfiguration;
			buildSettings = {
				ALWAYS_EMBED_SWIFT_STANDARD_LIBRARIES = YES;
				CODE_SIGN_STYLE = Automatic;
				CURRENT_PROJECT_VERSION = 1;
				GENERATE_INFOPLIST_FILE = YES;
				MARKETING_VERSION = 1.0;
				PRODUCT_BUNDLE_IDENTIFIER = "kwk.final-proyectUITests";
				PRODUCT_NAME = "$(TARGET_NAME)";
				SWIFT_EMIT_LOC_STRINGS = NO;
				SWIFT_VERSION = 5.0;
				TARGETED_DEVICE_FAMILY = "1,2";
				TEST_TARGET_NAME = "final proyect";
			};
			name = Release;
		};
/* End XCBuildConfiguration section */

/* Begin XCConfigurationList section */
		52F70CC02A8BE87F003B5C7F /* Build configuration list for PBXProject "final proyect" */ = {
			isa = XCConfigurationList;
			buildConfigurations = (
				52F70CE72A8BE881003B5C7F /* Debug */,
				52F70CE82A8BE881003B5C7F /* Release */,
			);
			defaultConfigurationIsVisible = 0;
			defaultConfigurationName = Release;
		};
		52F70CE92A8BE881003B5C7F /* Build configuration list for PBXNativeTarget "final proyect" */ = {
			isa = XCConfigurationList;
			buildConfigurations = (
				52F70CEA2A8BE881003B5C7F /* Debug */,
				52F70CEB2A8BE881003B5C7F /* Release */,
			);
			defaultConfigurationIsVisible = 0;
			defaultConfigurationName = Release;
		};
		52F70CEC2A8BE881003B5C7F /* Build configuration list for PBXNativeTarget "final proyectTests" */ = {
			isa = XCConfigurationList;
			buildConfigurations = (
				52F70CED2A8BE881003B5C7F /* Debug */,
				52F70CEE2A8BE881003B5C7F /* Release */,
			);
			defaultConfigurationIsVisible = 0;
			defaultConfigurationName = Release;
		};
		52F70CEF2A8BE881003B5C7F /* Build configuration list for PBXNativeTarget "final proyectUITests" */ = {
			isa = XCConfigurationList;
			buildConfigurations = (
				52F70CF02A8BE881003B5C7F /* Debug */,
				52F70CF12A8BE881003B5C7F /* Release */,
			);
			defaultConfigurationIsVisible = 0;
			defaultConfigurationName = Release;
		};
/* End XCConfigurationList section */
	};
	rootObject = 52F70CBD2A8BE87F003B5C7F /* Project object */;
}
